
Microsoft Visual Studio Solution File, Format Version 12.00
# Visual Studio Version 16
VisualStudioVersion = 16.0.29905.134
MinimumVisualStudioVersion = 10.0.40219.1
Project("{9A19103F-16F7-4668-BE54-9A1E7A4F7556}") = "FB Project DB Model int Key", "FB Project DB Model int Key\FB Project DB Model int Key.csproj", "{68D59A3B-9ED7-4C7E-AB23-E0DFF7301203}"
EndProject
Global
	GlobalSection(SolutionConfigurationPlatforms) = preSolution
		Debug|Any CPU = Debug|Any CPU
		Release|Any CPU = Release|Any CPU
	EndGlobalSection
	GlobalSection(ProjectConfigurationPlatforms) = postSolution
		{68D59A3B-9ED7-4C7E-AB23-E0DFF7301203}.Debug|Any CPU.ActiveCfg = Debug|Any CPU
		{68D59A3B-9ED7-4C7E-AB23-E0DFF7301203}.Debug|Any CPU.Build.0 = Debug|Any CPU
		{68D59A3B-9ED7-4C7E-AB23-E0DFF7301203}.Release|Any CPU.ActiveCfg = Release|Any CPU
		{68D59A3B-9ED7-4C7E-AB23-E0DFF7301203}.Release|Any CPU.Build.0 = Release|Any CPU
	EndGlobalSection
	GlobalSection(SolutionProperties) = preSolution
		HideSolutionNode = FALSE
	EndGlobalSection
	GlobalSection(ExtensibilityGlobals) = postSolution
		SolutionGuid = {838ACD7B-D463-4A94-9B52-28D44EB54465}
	EndGlobalSection
EndGlobal
